{
  "name": "pipeline-monitor",
  "version": "1.0.0",
  "lockfileVersion": 3,
  "requires": true,
  "packages": {
    "": {
      "name": "pipeline-monitor",
      "version": "1.0.0",
      "dependencies": {
        "ai-router": "file:../AIRouter"
      }
    },
    "../AIRouter": {
      "name": "ai-router",
      "version": "1.0.0",
      "license": "ISC",
      "devDependencies": {
        "@types/node": "^20.0.0",
        "@types/react": "^18.0.0",
        "typescript": "^5.4.0"
      },
      "peerDependencies": {
        "next": ">=13.0.0",
        "react": ">=18.0.0"
      },
      "peerDependenciesMeta": {
        "next": {
          "optional": true
        },
        "react": {
          "optional": true
        }
      }
    },
    "node_modules/ai-router": {
      "resolved": "../AIRouter",
      "link": true
    }
  }
}
